
Microsoft Visual Studio Solution File, Format Version 12.00
# Visual Studio Version 17
VisualStudioVersion = 17.6.33723.286
MinimumVisualStudioVersion = 10.0.40219.1
Project("{FAE04EC0-301F-11D3-BF4B-00C04F79EFBC}") = "ps35548_asm", "ps35548_asm.csproj", "{42FD828A-9FE0-4E15-9672-DA1234237676}"
EndProject
Global
	GlobalSection(SolutionConfigurationPlatforms) = preSolution
		Debug|Any CPU = Debug|Any CPU
		Release|Any CPU = Release|Any CPU
	EndGlobalSection
	GlobalSection(ProjectConfigurationPlatforms) = postSolution
		{42FD828A-9FE0-4E15-9672-DA1234237676}.Debug|Any CPU.ActiveCfg = Debug|Any CPU
		{42FD828A-9FE0-4E15-9672-DA1234237676}.Debug|Any CPU.Build.0 = Debug|Any CPU
		{42FD828A-9FE0-4E15-9672-DA1234237676}.Release|Any CPU.ActiveCfg = Release|Any CPU
		{42FD828A-9FE0-4E15-9672-DA1234237676}.Release|Any CPU.Build.0 = Release|Any CPU
	EndGlobalSection
	GlobalSection(SolutionProperties) = preSolution
		HideSolutionNode = FALSE
	EndGlobalSection
	GlobalSection(ExtensibilityGlobals) = postSolution
		SolutionGuid = {DACB4027-72A3-4C59-8F29-F23C2174FAC4}
	EndGlobalSection
EndGlobal
